
Microsoft Visual Studio Solution File, Format Version 10.00
# Visual Studio 2008
Project("{FAE04EC0-301F-11D3-BF4B-00C04F79EFBC}") = "TDBadgedCellSharp", "TDBadgedCellSharp.csproj", "{94D7C62D-C862-4E63-88EE-1154B3F8B2D8}"
EndProject
Global
	GlobalSection(SolutionConfigurationPlatforms) = preSolution
		Debug|iPhoneSimulator = Debug|iPhoneSimulator
		Release|iPhoneSimulator = Release|iPhoneSimulator
		Debug|iPhone = Debug|iPhone
		Release|iPhone = Release|iPhone
	EndGlobalSection
	GlobalSection(ProjectConfigurationPlatforms) = postSolution
		{94D7C62D-C862-4E63-88EE-1154B3F8B2D8}.Debug|iPhone.ActiveCfg = Debug|iPhone
		{94D7C62D-C862-4E63-88EE-1154B3F8B2D8}.Debug|iPhone.Build.0 = Debug|iPhone
		{94D7C62D-C862-4E63-88EE-1154B3F8B2D8}.Debug|iPhoneSimulator.ActiveCfg = Debug|iPhoneSimulator
		{94D7C62D-C862-4E63-88EE-1154B3F8B2D8}.Debug|iPhoneSimulator.Build.0 = Debug|iPhoneSimulator
		{94D7C62D-C862-4E63-88EE-1154B3F8B2D8}.Release|iPhone.ActiveCfg = Release|iPhone
		{94D7C62D-C862-4E63-88EE-1154B3F8B2D8}.Release|iPhone.Build.0 = Release|iPhone
		{94D7C62D-C862-4E63-88EE-1154B3F8B2D8}.Release|iPhoneSimulator.ActiveCfg = Release|iPhoneSimulator
		{94D7C62D-C862-4E63-88EE-1154B3F8B2D8}.Release|iPhoneSimulator.Build.0 = Release|iPhoneSimulator
	EndGlobalSection
	GlobalSection(MonoDevelopProperties) = preSolution
		StartupItem = TDBadgedCellSharp.csproj
	EndGlobalSection
EndGlobal
